{
  "version": 4,
  "terraform_version": "1.12.1",
  "serial": 16,
  "lineage": "bc336ef8-716c-da8e-4d5b-49e9df3d6189",
  "outputs": {},
  "resources": [
    {
      "mode": "managed",
      "type": "nxos_feature_ospf",
      "name": "ospf",
      "provider": "provider[\"registry.terraform.io/ciscodevnet/nxos\"]",
      "instances": [
        {
          "schema_version": 0,
          "attributes": {
            "admin_state": "enabled",
            "device": null,
            "id": "sys/fm/ospf"
          },
          "sensitive_attributes": [],
          "identity_schema_version": 0,
          "private": "eyJpbXBvcnRpbmciOiJNQT09In0="
        }
      ]
    },
    {
      "mode": "managed",
      "type": "nxos_feature_pim",
      "name": "pim",
      "provider": "provider[\"registry.terraform.io/ciscodevnet/nxos\"]",
      "instances": [
        {
          "schema_version": 0,
          "attributes": {
            "admin_state": "enabled",
            "device": null,
            "id": "sys/fm/pim"
          },
          "sensitive_attributes": [],
          "identity_schema_version": 0,
          "private": "eyJpbXBvcnRpbmciOiJNQT09In0="
        }
      ]
    },
    {
      "mode": "managed",
      "type": "nxos_feature_ptp",
      "name": "ptp",
      "provider": "provider[\"registry.terraform.io/ciscodevnet/nxos\"]",
      "instances": [
        {
          "schema_version": 0,
          "attributes": {
            "admin_state": "enabled",
            "device": null,
            "id": "sys/fm/ptp"
          },
          "sensitive_attributes": [],
          "identity_schema_version": 0,
          "private": "eyJpbXBvcnRpbmciOiJNQT09In0="
        }
      ]
    },
    {
      "mode": "managed",
      "type": "nxos_ipv4_interface",
      "name": "eth1-1_interface",
      "provider": "provider[\"registry.terraform.io/ciscodevnet/nxos\"]",
      "instances": [
        {
          "schema_version": 0,
          "attributes": {
            "device": null,
            "drop_glean": "disabled",
            "forward": "disabled",
            "id": "sys/ipv4/inst/dom-[default]/if-[eth1/2]",
            "interface_id": "eth1/2",
            "unnumbered": "unspecified",
            "urpf": "disabled",
            "vrf": "default"
          },
          "sensitive_attributes": [],
          "identity_schema_version": 0,
          "private": "eyJpbXBvcnRpbmciOiJNQT09In0=",
          "dependencies": [
            "nxos_ipv4_vrf.vrf"
          ]
        }
      ]
    },
    {
      "mode": "managed",
      "type": "nxos_ipv4_interface_address",
      "name": "eth1-1_ip",
      "provider": "provider[\"registry.terraform.io/ciscodevnet/nxos\"]",
      "instances": [
        {
          "schema_version": 0,
          "attributes": {
            "address": "192.0.2.1/30",
            "device": null,
            "id": "sys/ipv4/inst/dom-[default]/if-[eth1/2]/addr-[192.0.2.1/30]",
            "interface_id": "eth1/2",
            "tag": 0,
            "type": "primary",
            "vrf": "default"
          },
          "sensitive_attributes": [],
          "identity_schema_version": 0,
          "private": "eyJpbXBvcnRpbmciOiJNQT09In0=",
          "dependencies": [
            "nxos_ipv4_interface.eth1-1_interface",
            "nxos_ipv4_vrf.vrf"
          ]
        }
      ]
    },
    {
      "mode": "managed",
      "type": "nxos_ipv4_vrf",
      "name": "vrf",
      "provider": "provider[\"registry.terraform.io/ciscodevnet/nxos\"]",
      "instances": [
        {
          "schema_version": 0,
          "attributes": {
            "device": null,
            "id": "sys/ipv4/inst/dom-[default]",
            "name": "default"
          },
          "sensitive_attributes": [],
          "identity_schema_version": 0,
          "private": "eyJpbXBvcnRpbmciOiJNQT09In0="
        }
      ]
    },
    {
      "mode": "managed",
      "type": "nxos_ospf",
      "name": "nxos_ospf",
      "provider": "provider[\"registry.terraform.io/ciscodevnet/nxos\"]",
      "instances": [
        {
          "schema_version": 0,
          "attributes": {
            "admin_state": "enabled",
            "device": null,
            "id": "sys/ospf"
          },
          "sensitive_attributes": [],
          "identity_schema_version": 0,
          "private": "eyJpbXBvcnRpbmciOiJNQT09In0="
        }
      ]
    },
    {
      "mode": "managed",
      "type": "nxos_ospf_instance",
      "name": "ospf_instance",
      "provider": "provider[\"registry.terraform.io/ciscodevnet/nxos\"]",
      "instances": [
        {
          "schema_version": 0,
          "attributes": {
            "admin_state": "enabled",
            "device": null,
            "id": "sys/ospf/inst-[100]",
            "name": "100"
          },
          "sensitive_attributes": [],
          "identity_schema_version": 0,
          "private": "eyJpbXBvcnRpbmciOiJNQT09In0=",
          "dependencies": [
            "nxos_ospf.nxos_ospf"
          ]
        }
      ]
    },
    {
      "mode": "managed",
      "type": "nxos_ospf_interface",
      "name": "ospf_eth1-1",
      "provider": "provider[\"registry.terraform.io/ciscodevnet/nxos\"]",
      "instances": [
        {
          "schema_version": 0,
          "attributes": {
            "advertise_secondaries": true,
            "area": "0.0.0.0",
            "bfd": "unspecified",
            "cost": 0,
            "dead_interval": 0,
            "device": null,
            "hello_interval": 10,
            "id": "sys/ospf/inst-[100]/dom-[default]/if-[eth1/2]",
            "instance_name": "100",
            "interface_id": "eth1/2",
            "network_type": "unspecified",
            "passive": "enabled",
            "priority": 1,
            "vrf_name": "default"
          },
          "sensitive_attributes": [],
          "identity_schema_version": 0,
          "private": "eyJpbXBvcnRpbmciOiJNQT09In0=",
          "dependencies": [
            "nxos_ospf.nxos_ospf",
            "nxos_ospf_instance.ospf_instance",
            "nxos_ospf_vrf.ospf_vrf"
          ]
        }
      ]
    },
    {
      "mode": "managed",
      "type": "nxos_ospf_vrf",
      "name": "ospf_vrf",
      "provider": "provider[\"registry.terraform.io/ciscodevnet/nxos\"]",
      "instances": [
        {
          "schema_version": 0,
          "attributes": {
            "admin_state": "enabled",
            "bandwidth_reference": 40000,
            "bandwidth_reference_unit": "mbps",
            "control": null,
            "device": null,
            "distance": 110,
            "id": "sys/ospf/inst-[100]/dom-[default]",
            "instance_name": "100",
            "name": "default",
            "router_id": "1.1.1.1"
          },
          "sensitive_attributes": [],
          "identity_schema_version": 0,
          "private": "eyJpbXBvcnRpbmciOiJNQT09In0=",
          "dependencies": [
            "nxos_ospf.nxos_ospf",
            "nxos_ospf_instance.ospf_instance"
          ]
        }
      ]
    },
    {
      "mode": "managed",
      "type": "nxos_physical_interface",
      "name": "eth1-1",
      "provider": "provider[\"registry.terraform.io/ciscodevnet/nxos\"]",
      "instances": [
        {
          "schema_version": 0,
          "attributes": {
            "access_vlan": "vlan-1",
            "admin_state": "up",
            "auto_negotiation": "on",
            "bandwidth": 0,
            "delay": 1,
            "description": "Configured by Terraform",
            "device": null,
            "duplex": "auto",
            "fec_mode": "auto",
            "id": "sys/intf/phys-[eth1/2]",
            "interface_id": "eth1/2",
            "layer": "Layer3",
            "link_debounce_down": 100,
            "link_debounce_up": 0,
            "link_logging": "default",
            "medium": "broadcast",
            "mode": "access",
            "mtu": 1500,
            "native_vlan": "vlan-1",
            "speed": "auto",
            "speed_group": "auto",
            "trunk_vlans": "1-4094",
            "uni_directional_ethernet": "disable",
            "user_configured_flags": null
          },
          "sensitive_attributes": [],
          "identity_schema_version": 0,
          "private": "eyJpbXBvcnRpbmciOiJNQT09In0="
        }
      ]
    },
    {
      "mode": "managed",
      "type": "nxos_pim",
      "name": "nxos_pim",
      "provider": "provider[\"registry.terraform.io/ciscodevnet/nxos\"]",
      "instances": [
        {
          "schema_version": 0,
          "attributes": {
            "admin_state": "enabled",
            "device": null,
            "id": "sys/pim"
          },
          "sensitive_attributes": [],
          "identity_schema_version": 0,
          "private": "eyJpbXBvcnRpbmciOiJNQT09In0="
        }
      ]
    },
    {
      "mode": "managed",
      "type": "nxos_pim_instance",
      "name": "pim_instance",
      "provider": "provider[\"registry.terraform.io/ciscodevnet/nxos\"]",
      "instances": [
        {
          "schema_version": 0,
          "attributes": {
            "admin_state": "enabled",
            "device": null,
            "id": "sys/pim/inst"
          },
          "sensitive_attributes": [],
          "identity_schema_version": 0,
          "private": "eyJpbXBvcnRpbmciOiJNQT09In0=",
          "dependencies": [
            "nxos_pim.nxos_pim"
          ]
        }
      ]
    },
    {
      "mode": "managed",
      "type": "nxos_pim_interface",
      "name": "pim_eth1-1",
      "provider": "provider[\"registry.terraform.io/ciscodevnet/nxos\"]",
      "instances": [
        {
          "schema_version": 0,
          "attributes": {
            "admin_state": "enabled",
            "bfd": "none",
            "device": null,
            "dr_priority": 1,
            "id": "sys/pim/inst/dom-[default]/if-[eth1/2]",
            "interface_id": "eth1/2",
            "passive": true,
            "sparse_mode": true,
            "vrf_name": "default"
          },
          "sensitive_attributes": [],
          "identity_schema_version": 0,
          "private": "eyJpbXBvcnRpbmciOiJNQT09In0=",
          "dependencies": [
            "nxos_pim.nxos_pim",
            "nxos_pim_instance.pim_instance"
          ]
        }
      ]
    },
    {
      "mode": "managed",
      "type": "nxos_pim_vrf",
      "name": "pim_vrf",
      "provider": "provider[\"registry.terraform.io/ciscodevnet/nxos\"]",
      "instances": [
        {
          "schema_version": 0,
          "attributes": {
            "admin_state": "enabled",
            "bfd": false,
            "device": null,
            "id": "sys/pim/inst/dom-[default]",
            "name": "default"
          },
          "sensitive_attributes": [],
          "identity_schema_version": 0,
          "private": "eyJpbXBvcnRpbmciOiJNQT09In0=",
          "dependencies": [
            "nxos_pim.nxos_pim",
            "nxos_pim_instance.pim_instance"
          ]
        }
      ]
    }
  ],
  "check_results": null
}
